// !$*UTF8*$!
{
	archiveVersion = 1;
	classes = {
	};
	objectVersion = 56;
	objects = {

/* Begin PBXBuildFile section */
		0AAB0C902B1E63E7006CDD01 /* Permission.swift in Sources */ = {isa = PBXBuildFile; fileRef = 0AAB0C8F2B1E63E7006CDD01 /* Permission.swift */; };
		0AAB0C922B1E6C15006CDD01 /* QRScannerDelegate.swift in Sources */ = {isa = PBXBuildFile; fileRef = 0AAB0C912B1E6C15006CDD01 /* QRScannerDelegate.swift */; };
		0AB43DE52B1FE10E0026190F /* TrainerModel.swift in Sources */ = {isa = PBXBuildFile; fileRef = 0AB43DE42B1FE10E0026190F /* TrainerModel.swift */; };
		0ADEE7442B1E2AA6000D51BE /* CameraView.swift in Sources */ = {isa = PBXBuildFile; fileRef = 0ADEE7432B1E2AA6000D51BE /* CameraView.swift */; };
		0AE344D32B1BCDDA0046E57F /* MainTabView.swift in Sources */ = {isa = PBXBuildFile; fileRef = 0AE344D22B1BCDDA0046E57F /* MainTabView.swift */; };
		0AE344D52B1BCE750046E57F /* BookingsView.swift in Sources */ = {isa = PBXBuildFile; fileRef = 0AE344D42B1BCE750046E57F /* BookingsView.swift */; };
		0AEA1E162B191A9A00FDE69B /* My_iOS_Gym_AppApp.swift in Sources */ = {isa = PBXBuildFile; fileRef = 0AEA1E152B191A9A00FDE69B /* My_iOS_Gym_AppApp.swift */; };
		0AEA1E182B191A9A00FDE69B /* BarcodeScannerView.swift in Sources */ = {isa = PBXBuildFile; fileRef = 0AEA1E172B191A9A00FDE69B /* BarcodeScannerView.swift */; };
		0AEA1E1A2B191A9C00FDE69B /* Assets.xcassets in Resources */ = {isa = PBXBuildFile; fileRef = 0AEA1E192B191A9C00FDE69B /* Assets.xcassets */; };
		0AEA1E1D2B191A9C00FDE69B /* Preview Assets.xcassets in Resources */ = {isa = PBXBuildFile; fileRef = 0AEA1E1C2B191A9C00FDE69B /* Preview Assets.xcassets */; };
		0AEA1E272B191A9C00FDE69B /* My_iOS_Gym_AppTests.swift in Sources */ = {isa = PBXBuildFile; fileRef = 0AEA1E262B191A9C00FDE69B /* My_iOS_Gym_AppTests.swift */; };
		0AEA1E312B191A9C00FDE69B /* My_iOS_Gym_AppUITests.swift in Sources */ = {isa = PBXBuildFile; fileRef = 0AEA1E302B191A9C00FDE69B /* My_iOS_Gym_AppUITests.swift */; };
		0AEA1E332B191A9C00FDE69B /* My_iOS_Gym_AppUITestsLaunchTests.swift in Sources */ = {isa = PBXBuildFile; fileRef = 0AEA1E322B191A9C00FDE69B /* My_iOS_Gym_AppUITestsLaunchTests.swift */; };
/* End PBXBuildFile section */

/* Begin PBXContainerItemProxy section */
		0AEA1E232B191A9C00FDE69B /* PBXContainerItemProxy */ = {
			isa = PBXContainerItemProxy;
			containerPortal = 0AEA1E0A2B191A9A00FDE69B /* Project object */;
			proxyType = 1;
			remoteGlobalIDString = 0AEA1E112B191A9A00FDE69B;
			remoteInfo = "My iOS Gym App";
		};
		0AEA1E2D2B191A9C00FDE69B /* PBXContainerItemProxy */ = {
			isa = PBXContainerItemProxy;
			containerPortal = 0AEA1E0A2B191A9A00FDE69B /* Project object */;
			proxyType = 1;
			remoteGlobalIDString = 0AEA1E112B191A9A00FDE69B;
			remoteInfo = "My iOS Gym App";
		};
/* End PBXContainerItemProxy section */

/* Begin PBXFileReference section */
		0AAB0C8F2B1E63E7006CDD01 /* Permission.swift */ = {isa = PBXFileReference; lastKnownFileType = sourcecode.swift; path = Permission.swift; sourceTree = "<group>"; };
		0AAB0C912B1E6C15006CDD01 /* QRScannerDelegate.swift */ = {isa = PBXFileReference; lastKnownFileType = sourcecode.swift; path = QRScannerDelegate.swift; sourceTree = "<group>"; };
		0AB43DE42B1FE10E0026190F /* TrainerModel.swift */ = {isa = PBXFileReference; lastKnownFileType = sourcecode.swift; path = TrainerModel.swift; sourceTree = "<group>"; };
		0ADEE7432B1E2AA6000D51BE /* CameraView.swift */ = {isa = PBXFileReference; lastKnownFileType = sourcecode.swift; path = CameraView.swift; sourceTree = "<group>"; };
		0AE344D22B1BCDDA0046E57F /* MainTabView.swift */ = {isa = PBXFileReference; lastKnownFileType = sourcecode.swift; path = MainTabView.swift; sourceTree = "<group>"; };
		0AE344D42B1BCE750046E57F /* BookingsView.swift */ = {isa = PBXFileReference; lastKnownFileType = sourcecode.swift; path = BookingsView.swift; sourceTree = "<group>"; };
		0AEA1E122B191A9A00FDE69B /* My iOS Gym App.app */ = {isa = PBXFileReference; explicitFileType = wrapper.application; includeInIndex = 0; path = "My iOS Gym App.app"; sourceTree = BUILT_PRODUCTS_DIR; };
		0AEA1E152B191A9A00FDE69B /* My_iOS_Gym_AppApp.swift */ = {isa = PBXFileReference; lastKnownFileType = sourcecode.swift; path = My_iOS_Gym_AppApp.swift; sourceTree = "<group>"; };
		0AEA1E172B191A9A00FDE69B /* BarcodeScannerView.swift */ = {isa = PBXFileReference; lastKnownFileType = sourcecode.swift; path = BarcodeScannerView.swift; sourceTree = "<group>"; };
		0AEA1E192B191A9C00FDE69B /* Assets.xcassets */ = {isa = PBXFileReference; lastKnownFileType = folder.assetcatalog; path = Assets.xcassets; sourceTree = "<group>"; };
		0AEA1E1C2B191A9C00FDE69B /* Preview Assets.xcassets */ = {isa = PBXFileReference; lastKnownFileType = folder.assetcatalog; path = "Preview Assets.xcassets"; sourceTree = "<group>"; };
		0AEA1E222B191A9C00FDE69B /* My iOS Gym AppTests.xctest */ = {isa = PBXFileReference; explicitFileType = wrapper.cfbundle; includeInIndex = 0; path = "My iOS Gym AppTests.xctest"; sourceTree = BUILT_PRODUCTS_DIR; };
		0AEA1E262B191A9C00FDE69B /* My_iOS_Gym_AppTests.swift */ = {isa = PBXFileReference; lastKnownFileType = sourcecode.swift; path = My_iOS_Gym_AppTests.swift; sourceTree = "<group>"; };
		0AEA1E2C2B191A9C00FDE69B /* My iOS Gym AppUITests.xctest */ = {isa = PBXFileReference; explicitFileType = wrapper.cfbundle; includeInIndex = 0; path = "My iOS Gym AppUITests.xctest"; sourceTree = BUILT_PRODUCTS_DIR; };
		0AEA1E302B191A9C00FDE69B /* My_iOS_Gym_AppUITests.swift */ = {isa = PBXFileReference; lastKnownFileType = sourcecode.swift; path = My_iOS_Gym_AppUITests.swift; sourceTree = "<group>"; };
		0AEA1E322B191A9C00FDE69B /* My_iOS_Gym_AppUITestsLaunchTests.swift */ = {isa = PBXFileReference; lastKnownFileType = sourcecode.swift; path = My_iOS_Gym_AppUITestsLaunchTests.swift; sourceTree = "<group>"; };
/* End PBXFileReference section */

/* Begin PBXFrameworksBuildPhase section */
		0AEA1E0F2B191A9A00FDE69B /* Frameworks */ = {
			isa = PBXFrameworksBuildPhase;
			buildActionMask = 2147483647;
			files = (
			);
			runOnlyForDeploymentPostprocessing = 0;
		};
		0AEA1E1F2B191A9C00FDE69B /* Frameworks */ = {
			isa = PBXFrameworksBuildPhase;
			buildActionMask = 2147483647;
			files = (
			);
			runOnlyForDeploymentPostprocessing = 0;
		};
		0AEA1E292B191A9C00FDE69B /* Frameworks */ = {
			isa = PBXFrameworksBuildPhase;
			buildActionMask = 2147483647;
			files = (
			);
			runOnlyForDeploymentPostprocessing = 0;
		};
/* End PBXFrameworksBuildPhase section */

/* Begin PBXGroup section */
		0AAB0C8D2B1E63B9006CDD01 /* Views */ = {
			isa = PBXGroup;
			children = (
			);
			path = Views;
			sourceTree = "<group>";
		};
		0AAB0C8E2B1E63C7006CDD01 /* Model */ = {
			isa = PBXGroup;
			children = (
				0AAB0C8F2B1E63E7006CDD01 /* Permission.swift */,
				0AAB0C912B1E6C15006CDD01 /* QRScannerDelegate.swift */,
				0AB43DE42B1FE10E0026190F /* TrainerModel.swift */,
			);
			path = Model;
			sourceTree = "<group>";
		};
		0AEA1E092B191A9A00FDE69B = {
			isa = PBXGroup;
			children = (
				0AEA1E142B191A9A00FDE69B /* My iOS Gym App */,
				0AEA1E252B191A9C00FDE69B /* My iOS Gym AppTests */,
				0AEA1E2F2B191A9C00FDE69B /* My iOS Gym AppUITests */,
				0AEA1E132B191A9A00FDE69B /* Products */,
			);
			sourceTree = "<group>";
		};
		0AEA1E132B191A9A00FDE69B /* Products */ = {
			isa = PBXGroup;
			children = (
				0AEA1E122B191A9A00FDE69B /* My iOS Gym App.app */,
				0AEA1E222B191A9C00FDE69B /* My iOS Gym AppTests.xctest */,
				0AEA1E2C2B191A9C00FDE69B /* My iOS Gym AppUITests.xctest */,
			);
			name = Products;
			sourceTree = "<group>";
		};
		0AEA1E142B191A9A00FDE69B /* My iOS Gym App */ = {
			isa = PBXGroup;
			children = (
				0AAB0C8E2B1E63C7006CDD01 /* Model */,
				0AAB0C8D2B1E63B9006CDD01 /* Views */,
				0AEA1E152B191A9A00FDE69B /* My_iOS_Gym_AppApp.swift */,
				0AEA1E172B191A9A00FDE69B /* BarcodeScannerView.swift */,
				0AEA1E192B191A9C00FDE69B /* Assets.xcassets */,
				0AEA1E1B2B191A9C00FDE69B /* Preview Content */,
				0AE344D22B1BCDDA0046E57F /* MainTabView.swift */,
				0AE344D42B1BCE750046E57F /* BookingsView.swift */,
				0ADEE7432B1E2AA6000D51BE /* CameraView.swift */,
			);
			path = "My iOS Gym App";
			sourceTree = "<group>";
		};
		0AEA1E1B2B191A9C00FDE69B /* Preview Content */ = {
			isa = PBXGroup;
			children = (
				0AEA1E1C2B191A9C00FDE69B /* Preview Assets.xcassets */,
			);
			path = "Preview Content";
			sourceTree = "<group>";
		};
		0AEA1E252B191A9C00FDE69B /* My iOS Gym AppTests */ = {
			isa = PBXGroup;
			children = (
				0AEA1E262B191A9C00FDE69B /* My_iOS_Gym_AppTests.swift */,
			);
			path = "My iOS Gym AppTests";
			sourceTree = "<group>";
		};
		0AEA1E2F2B191A9C00FDE69B /* My iOS Gym AppUITests */ = {
			isa = PBXGroup;
			children = (
				0AEA1E302B191A9C00FDE69B /* My_iOS_Gym_AppUITests.swift */,
				0AEA1E322B191A9C00FDE69B /* My_iOS_Gym_AppUITestsLaunchTests.swift */,
			);
			path = "My iOS Gym AppUITests";
			sourceTree = "<group>";
		};
/* End PBXGroup section */

/* Begin PBXNativeTarget section */
		0AEA1E112B191A9A00FDE69B /* My iOS Gym App */ = {
			isa = PBXNativeTarget;
			buildConfigurationList = 0AEA1E362B191A9C00FDE69B /* Build configuration list for PBXNativeTarget "My iOS Gym App" */;
			buildPhases = (
				0AEA1E0E2B191A9A00FDE69B /* Sources */,
				0AEA1E0F2B191A9A00FDE69B /* Frameworks */,
				0AEA1E102B191A9A00FDE69B /* Resources */,
			);
			buildRules = (
			);
			dependencies = (
			);
			name = "My iOS Gym App";
			productName = "My iOS Gym App";
			productReference = 0AEA1E122B191A9A00FDE69B /* My iOS Gym App.app */;
			productType = "com.apple.product-type.application";
		};
		0AEA1E212B191A9C00FDE69B /* My iOS Gym AppTests */ = {
			isa = PBXNativeTarget;
			buildConfigurationList = 0AEA1E392B191A9C00FDE69B /* Build configuration list for PBXNativeTarget "My iOS Gym AppTests" */;
			buildPhases = (
				0AEA1E1E2B191A9C00FDE69B /* Sources */,
				0AEA1E1F2B191A9C00FDE69B /* Frameworks */,
				0AEA1E202B191A9C00FDE69B /* Resources */,
			);
			buildRules = (
			);
			dependencies = (
				0AEA1E242B191A9C00FDE69B /* PBXTargetDependency */,
			);
			name = "My iOS Gym AppTests";
			productName = "My iOS Gym AppTests";
			productReference = 0AEA1E222B191A9C00FDE69B /* My iOS Gym AppTests.xctest */;
			productType = "com.apple.product-type.bundle.unit-test";
		};
		0AEA1E2B2B191A9C00FDE69B /* My iOS Gym AppUITests */ = {
			isa = PBXNativeTarget;
			buildConfigurationList = 0AEA1E3C2B191A9C00FDE69B /* Build configuration list for PBXNativeTarget "My iOS Gym AppUITests" */;
			buildPhases = (
				0AEA1E282B191A9C00FDE69B /* Sources */,
				0AEA1E292B191A9C00FDE69B /* Frameworks */,
				0AEA1E2A2B191A9C00FDE69B /* Resources */,
			);
			buildRules = (
			);
			dependencies = (
				0AEA1E2E2B191A9C00FDE69B /* PBXTargetDependency */,
			);
			name = "My iOS Gym AppUITests";
			productName = "My iOS Gym AppUITests";
			productReference = 0AEA1E2C2B191A9C00FDE69B /* My iOS Gym AppUITests.xctest */;
			productType = "com.apple.product-type.bundle.ui-testing";
		};
/* End PBXNativeTarget section */

/* Begin PBXProject section */
		0AEA1E0A2B191A9A00FDE69B /* Project object */ = {
			isa = PBXProject;
			attributes = {
				BuildIndependentTargetsInParallel = 1;
				LastSwiftUpdateCheck = 1500;
				LastUpgradeCheck = 1500;
				TargetAttributes = {
					0AEA1E112B191A9A00FDE69B = {
						CreatedOnToolsVersion = 15.0.1;
					};
					0AEA1E212B191A9C00FDE69B = {
						CreatedOnToolsVersion = 15.0.1;
						TestTargetID = 0AEA1E112B191A9A00FDE69B;
					};
					0AEA1E2B2B191A9C00FDE69B = {
						CreatedOnToolsVersion = 15.0.1;
						TestTargetID = 0AEA1E112B191A9A00FDE69B;
					};
				};
			};
			buildConfigurationList = 0AEA1E0D2B191A9A00FDE69B /* Build configuration list for PBXProject "My iOS Gym App" */;
			compatibilityVersion = "Xcode 14.0";
			developmentRegion = en;
			hasScannedForEncodings = 0;
			knownRegions = (
				en,
				Base,
			);
			mainGroup = 0AEA1E092B191A9A00FDE69B;
			productRefGroup = 0AEA1E132B191A9A00FDE69B /* Products */;
			projectDirPath = "";
			projectRoot = "";
			targets = (
				0AEA1E112B191A9A00FDE69B /* My iOS Gym App */,
				0AEA1E212B191A9C00FDE69B /* My iOS Gym AppTests */,
				0AEA1E2B2B191A9C00FDE69B /* My iOS Gym AppUITests */,
			);
		};
/* End PBXProject section */

/* Begin PBXResourcesBuildPhase section */
		0AEA1E102B191A9A00FDE69B /* Resources */ = {
			isa = PBXResourcesBuildPhase;
			buildActionMask = 2147483647;
			files = (
				0AEA1E1D2B191A9C00FDE69B /* Preview Assets.xcassets in Resources */,
				0AEA1E1A2B191A9C00FDE69B /* Assets.xcassets in Resources */,
			);
			runOnlyForDeploymentPostprocessing = 0;
		};
		0AEA1E202B191A9C00FDE69B /* Resources */ = {
			isa = PBXResourcesBuildPhase;
			buildActionMask = 2147483647;
			files = (
			);
			runOnlyForDeploymentPostprocessing = 0;
		};
		0AEA1E2A2B191A9C00FDE69B /* Resources */ = {
			isa = PBXResourcesBuildPhase;
			buildActionMask = 2147483647;
			files = (
			);
			runOnlyForDeploymentPostprocessing = 0;
		};
/* End PBXResourcesBuildPhase section */

/* Begin PBXSourcesBuildPhase section */
		0AEA1E0E2B191A9A00FDE69B /* Sources */ = {
			isa = PBXSourcesBuildPhase;
			buildActionMask = 2147483647;
			files = (
				0AE344D52B1BCE750046E57F /* BookingsView.swift in Sources */,
				0AEA1E182B191A9A00FDE69B /* BarcodeScannerView.swift in Sources */,
				0AAB0C902B1E63E7006CDD01 /* Permission.swift in Sources */,
				0AB43DE52B1FE10E0026190F /* TrainerModel.swift in Sources */,
				0AE344D32B1BCDDA0046E57F /* MainTabView.swift in Sources */,
				0AAB0C922B1E6C15006CDD01 /* QRScannerDelegate.swift in Sources */,
				0ADEE7442B1E2AA6000D51BE /* CameraView.swift in Sources */,
				0AEA1E162B191A9A00FDE69B /* My_iOS_Gym_AppApp.swift in Sources */,
			);
			runOnlyForDeploymentPostprocessing = 0;
		};
		0AEA1E1E2B191A9C00FDE69B /* Sources */ = {
			isa = PBXSourcesBuildPhase;
			buildActionMask = 2147483647;
			files = (
				0AEA1E272B191A9C00FDE69B /* My_iOS_Gym_AppTests.swift in Sources */,
			);
			runOnlyForDeploymentPostprocessing = 0;
		};
		0AEA1E282B191A9C00FDE69B /* Sources */ = {
			isa = PBXSourcesBuildPhase;
			buildActionMask = 2147483647;
			files = (
				0AEA1E332B191A9C00FDE69B /* My_iOS_Gym_AppUITestsLaunchTests.swift in Sources */,
				0AEA1E312B191A9C00FDE69B /* My_iOS_Gym_AppUITests.swift in Sources */,
			);
			runOnlyForDeploymentPostprocessing = 0;
		};
/* End PBXSourcesBuildPhase section */

/* Begin PBXTargetDependency section */
		0AEA1E242B191A9C00FDE69B /* PBXTargetDependency */ = {
			isa = PBXTargetDependency;
			target = 0AEA1E112B191A9A00FDE69B /* My iOS Gym App */;
			targetProxy = 0AEA1E232B191A9C00FDE69B /* PBXContainerItemProxy */;
		};
		0AEA1E2E2B191A9C00FDE69B /* PBXTargetDependency */ = {
			isa = PBXTargetDependency;
			target = 0AEA1E112B191A9A00FDE69B /* My iOS Gym App */;
			targetProxy = 0AEA1E2D2B191A9C00FDE69B /* PBXContainerItemProxy */;
		};
/* End PBXTargetDependency section */

/* Begin XCBuildConfiguration section */
		0AEA1E342B191A9C00FDE69B /* Debug */ = {
			isa = XCBuildConfiguration;
			buildSettings = {
				ALWAYS_SEARCH_USER_PATHS = NO;
				ASSETCATALOG_COMPILER_GENERATE_SWIFT_ASSET_SYMBOL_EXTENSIONS = YES;
				CLANG_ANALYZER_NONNULL = YES;
				CLANG_ANALYZER_NUMBER_OBJECT_CONVERSION = YES_AGGRESSIVE;
				CLANG_CXX_LANGUAGE_STANDARD = "gnu++20";
				CLANG_ENABLE_MODULES = YES;
				CLANG_ENABLE_OBJC_ARC = YES;
				CLANG_ENABLE_OBJC_WEAK = YES;
				CLANG_WARN_BLOCK_CAPTURE_AUTORELEASING = YES;
				CLANG_WARN_BOOL_CONVERSION = YES;
				CLANG_WARN_COMMA = YES;
				CLANG_WARN_CONSTANT_CONVERSION = YES;
				CLANG_WARN_DEPRECATED_OBJC_IMPLEMENTATIONS = YES;
				CLANG_WARN_DIRECT_OBJC_ISA_USAGE = YES_ERROR;
				CLANG_WARN_DOCUMENTATION_COMMENTS = YES;
				CLANG_WARN_EMPTY_BODY = YES;
				CLANG_WARN_ENUM_CONVERSION = YES;
				CLANG_WARN_INFINITE_RECURSION = YES;
				CLANG_WARN_INT_CONVERSION = YES;
				CLANG_WARN_NON_LITERAL_NULL_CONVERSION = YES;
				CLANG_WARN_OBJC_IMPLICIT_RETAIN_SELF = YES;
				CLANG_WARN_OBJC_LITERAL_CONVERSION = YES;
				CLANG_WARN_OBJC_ROOT_CLASS = YES_ERROR;
				CLANG_WARN_QUOTED_INCLUDE_IN_FRAMEWORK_HEADER = YES;
				CLANG_WARN_RANGE_LOOP_ANALYSIS = YES;
				CLANG_WARN_STRICT_PROTOTYPES = YES;
				CLANG_WARN_SUSPICIOUS_MOVE = YES;
				CLANG_WARN_UNGUARDED_AVAILABILITY = YES_AGGRESSIVE;
				CLANG_WARN_UNREACHABLE_CODE = YES;
				CLANG_WARN__DUPLICATE_METHOD_MATCH = YES;
				COPY_PHASE_STRIP = NO;
				DEBUG_INFORMATION_FORMAT = dwarf;
				ENABLE_STRICT_OBJC_MSGSEND = YES;
				ENABLE_TESTABILITY = YES;
				ENABLE_USER_SCRIPT_SANDBOXING = YES;
				GCC_C_LANGUAGE_STANDARD = gnu17;
				GCC_DYNAMIC_NO_PIC = NO;
				GCC_NO_COMMON_BLOCKS = YES;
				GCC_OPTIMIZATION_LEVEL = 0;
				GCC_PREPROCESSOR_DEFINITIONS = (
					"DEBUG=1",
					"$(inherited)",
				);
				GCC_WARN_64_TO_32_BIT_CONVERSION = YES;
				GCC_WARN_ABOUT_RETURN_TYPE = YES_ERROR;
				GCC_WARN_UNDECLARED_SELECTOR = YES;
				GCC_WARN_UNINITIALIZED_AUTOS = YES_AGGRESSIVE;
				GCC_WARN_UNUSED_FUNCTION = YES;
				GCC_WARN_UNUSED_VARIABLE = YES;
				IPHONEOS_DEPLOYMENT_TARGET = 17.0;
				LOCALIZATION_PREFERS_STRING_CATALOGS = YES;
				MTL_ENABLE_DEBUG_INFO = INCLUDE_SOURCE;
				MTL_FAST_MATH = YES;
				ONLY_ACTIVE_ARCH = YES;
				SDKROOT = iphoneos;
				SWIFT_ACTIVE_COMPILATION_CONDITIONS = "DEBUG $(inherited)";
				SWIFT_OPTIMIZATION_LEVEL = "-Onone";
			};
			name = Debug;
		};
		0AEA1E352B191A9C00FDE69B /* Release */ = {
			isa = XCBuildConfiguration;
			buildSettings = {
				ALWAYS_SEARCH_USER_PATHS = NO;
				ASSETCATALOG_COMPILER_GENERATE_SWIFT_ASSET_SYMBOL_EXTENSIONS = YES;
				CLANG_ANALYZER_NONNULL = YES;
				CLANG_ANALYZER_NUMBER_OBJECT_CONVERSION = YES_AGGRESSIVE;
				CLANG_CXX_LANGUAGE_STANDARD = "gnu++20";
				CLANG_ENABLE_MODULES = YES;
				CLANG_ENABLE_OBJC_ARC = YES;
				CLANG_ENABLE_OBJC_WEAK = YES;
				CLANG_WARN_BLOCK_CAPTURE_AUTORELEASING = YES;
				CLANG_WARN_BOOL_CONVERSION = YES;
				CLANG_WARN_COMMA = YES;
				CLANG_WARN_CONSTANT_CONVERSION = YES;
				CLANG_WARN_DEPRECATED_OBJC_IMPLEMENTATIONS = YES;
				CLANG_WARN_DIRECT_OBJC_ISA_USAGE = YES_ERROR;
				CLANG_WARN_DOCUMENTATION_COMMENTS = YES;
				CLANG_WARN_EMPTY_BODY = YES;
				CLANG_WARN_ENUM_CONVERSION = YES;
				CLANG_WARN_INFINITE_RECURSION = YES;
				CLANG_WARN_INT_CONVERSION = YES;
				CLANG_WARN_NON_LITERAL_NULL_CONVERSION = YES;
				CLANG_WARN_OBJC_IMPLICIT_RETAIN_SELF = YES;
				CLANG_WARN_OBJC_LITERAL_CONVERSION = YES;
				CLANG_WARN_OBJC_ROOT_CLASS = YES_ERROR;
				CLANG_WARN_QUOTED_INCLUDE_IN_FRAMEWORK_HEADER = YES;
				CLANG_WARN_RANGE_LOOP_ANALYSIS = YES;
				CLANG_WARN_STRICT_PROTOTYPES = YES;
				CLANG_WARN_SUSPICIOUS_MOVE = YES;
				CLANG_WARN_UNGUARDED_AVAILABILITY = YES_AGGRESSIVE;
				CLANG_WARN_UNREACHABLE_CODE = YES;
				CLANG_WARN__DUPLICATE_METHOD_MATCH = YES;
				COPY_PHASE_STRIP = NO;
				DEBUG_INFORMATION_FORMAT = "dwarf-with-dsym";
				ENABLE_NS_ASSERTIONS = NO;
				ENABLE_STRICT_OBJC_MSGSEND = YES;
				ENABLE_USER_SCRIPT_SANDBOXING = YES;
				GCC_C_LANGUAGE_STANDARD = gnu17;
				GCC_NO_COMMON_BLOCKS = YES;
				GCC_WARN_64_TO_32_BIT_CONVERSION = YES;
				GCC_WARN_ABOUT_RETURN_TYPE = YES_ERROR;
				GCC_WARN_UNDECLARED_SELECTOR = YES;
				GCC_WARN_UNINITIALIZED_AUTOS = YES_AGGRESSIVE;
				GCC_WARN_UNUSED_FUNCTION = YES;
				GCC_WARN_UNUSED_VARIABLE = YES;
				IPHONEOS_DEPLOYMENT_TARGET = 17.0;
				LOCALIZATION_PREFERS_STRING_CATALOGS = YES;
				MTL_ENABLE_DEBUG_INFO = NO;
				MTL_FAST_MATH = YES;
				SDKROOT = iphoneos;
				SWIFT_COMPILATION_MODE = wholemodule;
				VALIDATE_PRODUCT = YES;
			};
			name = Release;
		};
		0AEA1E372B191A9C00FDE69B /* Debug */ = {
			isa = XCBuildConfiguration;
			buildSettings = {
				ASSETCATALOG_COMPILER_APPICON_NAME = AppIcon;
				ASSETCATALOG_COMPILER_GLOBAL_ACCENT_COLOR_NAME = AccentColor;
				CODE_SIGN_STYLE = Automatic;
				CURRENT_PROJECT_VERSION = 1;
				DEVELOPMENT_ASSET_PATHS = "\"My iOS Gym App/Preview Content\"";
				DEVELOPMENT_TEAM = GXHRGY7SVL;
				ENABLE_PREVIEWS = YES;
				GENERATE_INFOPLIST_FILE = YES;
				INFOPLIST_KEY_NSCameraUsageDescription = "Camera access is needed to scan QR code";
				INFOPLIST_KEY_UIApplicationSceneManifest_Generation = YES;
				INFOPLIST_KEY_UIApplicationSupportsIndirectInputEvents = YES;
				INFOPLIST_KEY_UILaunchScreen_Generation = YES;
				INFOPLIST_KEY_UISupportedInterfaceOrientations_iPad = "UIInterfaceOrientationPortrait UIInterfaceOrientationPortraitUpsideDown UIInterfaceOrientationLandscapeLeft UIInterfaceOrientationLandscapeRight";
				INFOPLIST_KEY_UISupportedInterfaceOrientations_iPhone = "UIInterfaceOrientationPortrait UIInterfaceOrientationLandscapeLeft UIInterfaceOrientationLandscapeRight";
				LD_RUNPATH_SEARCH_PATHS = (
					"$(inherited)",
					"@executable_path/Frameworks",
				);
				MARKETING_VERSION = 1.0;
				PRODUCT_BUNDLE_IDENTIFIER = "MichaelRentsch.My-iOS-Gym-App";
				PRODUCT_NAME = "$(TARGET_NAME)";
				SWIFT_EMIT_LOC_STRINGS = YES;
				SWIFT_VERSION = 5.0;
				TARGETED_DEVICE_FAMILY = "1,2";
			};
			name = Debug;
		};
		0AEA1E382B191A9C00FDE69B /* Release */ = {
			isa = XCBuildConfiguration;
			buildSettings = {
				ASSETCATALOG_COMPILER_APPICON_NAME = AppIcon;
				ASSETCATALOG_COMPILER_GLOBAL_ACCENT_COLOR_NAME = AccentColor;
				CODE_SIGN_STYLE = Automatic;
				CURRENT_PROJECT_VERSION = 1;
				DEVELOPMENT_ASSET_PATHS = "\"My iOS Gym App/Preview Content\"";
				DEVELOPMENT_TEAM = GXHRGY7SVL;
				ENABLE_PREVIEWS = YES;
				GENERATE_INFOPLIST_FILE = YES;
				INFOPLIST_KEY_NSCameraUsageDescription = "Camera access is needed to scan QR code";
				INFOPLIST_KEY_UIApplicationSceneManifest_Generation = YES;
				INFOPLIST_KEY_UIApplicationSupportsIndirectInputEvents = YES;
				INFOPLIST_KEY_UILaunchScreen_Generation = YES;
				INFOPLIST_KEY_UISupportedInterfaceOrientations_iPad = "UIInterfaceOrientationPortrait UIInterfaceOrientationPortraitUpsideDown UIInterfaceOrientationLandscapeLeft UIInterfaceOrientationLandscapeRight";
				INFOPLIST_KEY_UISupportedInterfaceOrientations_iPhone = "UIInterfaceOrientationPortrait UIInterfaceOrientationLandscapeLeft UIInterfaceOrientationLandscapeRight";
				LD_RUNPATH_SEARCH_PATHS = (
					"$(inherited)",
					"@executable_path/Frameworks",
				);
				MARKETING_VERSION = 1.0;
				PRODUCT_BUNDLE_IDENTIFIER = "MichaelRentsch.My-iOS-Gym-App";
				PRODUCT_NAME = "$(TARGET_NAME)";
				SWIFT_EMIT_LOC_STRINGS = YES;
				SWIFT_VERSION = 5.0;
				TARGETED_DEVICE_FAMILY = "1,2";
			};
			name = Release;
		};
		0AEA1E3A2B191A9C00FDE69B /* Debug */ = {
			isa = XCBuildConfiguration;
			buildSettings = {
				ALWAYS_EMBED_SWIFT_STANDARD_LIBRARIES = YES;
				BUNDLE_LOADER = "$(TEST_HOST)";
				CODE_SIGN_STYLE = Automatic;
				CURRENT_PROJECT_VERSION = 1;
				DEVELOPMENT_TEAM = GXHRGY7SVL;
				GENERATE_INFOPLIST_FILE = YES;
				IPHONEOS_DEPLOYMENT_TARGET = 17.0;
				MARKETING_VERSION = 1.0;
				PRODUCT_BUNDLE_IDENTIFIER = "MichaelRentsch.My-iOS-Gym-AppTests";
				PRODUCT_NAME = "$(TARGET_NAME)";
				SWIFT_EMIT_LOC_STRINGS = NO;
				SWIFT_VERSION = 5.0;
				TARGETED_DEVICE_FAMILY = "1,2";
				TEST_HOST = "$(BUILT_PRODUCTS_DIR)/My iOS Gym App.app/$(BUNDLE_EXECUTABLE_FOLDER_PATH)/My iOS Gym App";
			};
			name = Debug;
		};
		0AEA1E3B2B191A9C00FDE69B /* Release */ = {
			isa = XCBuildConfiguration;
			buildSettings = {
				ALWAYS_EMBED_SWIFT_STANDARD_LIBRARIES = YES;
				BUNDLE_LOADER = "$(TEST_HOST)";
				CODE_SIGN_STYLE = Automatic;
				CURRENT_PROJECT_VERSION = 1;
				DEVELOPMENT_TEAM = GXHRGY7SVL;
				GENERATE_INFOPLIST_FILE = YES;
				IPHONEOS_DEPLOYMENT_TARGET = 17.0;
				MARKETING_VERSION = 1.0;
				PRODUCT_BUNDLE_IDENTIFIER = "MichaelRentsch.My-iOS-Gym-AppTests";
				PRODUCT_NAME = "$(TARGET_NAME)";
				SWIFT_EMIT_LOC_STRINGS = NO;
				SWIFT_VERSION = 5.0;
				TARGETED_DEVICE_FAMILY = "1,2";
				TEST_HOST = "$(BUILT_PRODUCTS_DIR)/My iOS Gym App.app/$(BUNDLE_EXECUTABLE_FOLDER_PATH)/My iOS Gym App";
			};
			name = Release;
		};
		0AEA1E3D2B191A9C00FDE69B /* Debug */ = {
			isa = XCBuildConfiguration;
			buildSettings = {
				ALWAYS_EMBED_SWIFT_STANDARD_LIBRARIES = YES;
				CODE_SIGN_STYLE = Automatic;
				CURRENT_PROJECT_VERSION = 1;
				DEVELOPMENT_TEAM = GXHRGY7SVL;
				GENERATE_INFOPLIST_FILE = YES;
				MARKETING_VERSION = 1.0;
				PRODUCT_BUNDLE_IDENTIFIER = "MichaelRentsch.My-iOS-Gym-AppUITests";
				PRODUCT_NAME = "$(TARGET_NAME)";
				SWIFT_EMIT_LOC_STRINGS = NO;
				SWIFT_VERSION = 5.0;
				TARGETED_DEVICE_FAMILY = "1,2";
				TEST_TARGET_NAME = "My iOS Gym App";
			};
			name = Debug;
		};
		0AEA1E3E2B191A9C00FDE69B /* Release */ = {
			isa = XCBuildConfiguration;
			buildSettings = {
				ALWAYS_EMBED_SWIFT_STANDARD_LIBRARIES = YES;
				CODE_SIGN_STYLE = Automatic;
				CURRENT_PROJECT_VERSION = 1;
				DEVELOPMENT_TEAM = GXHRGY7SVL;
				GENERATE_INFOPLIST_FILE = YES;
				MARKETING_VERSION = 1.0;
				PRODUCT_BUNDLE_IDENTIFIER = "MichaelRentsch.My-iOS-Gym-AppUITests";
				PRODUCT_NAME = "$(TARGET_NAME)";
				SWIFT_EMIT_LOC_STRINGS = NO;
				SWIFT_VERSION = 5.0;
				TARGETED_DEVICE_FAMILY = "1,2";
				TEST_TARGET_NAME = "My iOS Gym App";
			};
			name = Release;
		};
/* End XCBuildConfiguration section */

/* Begin XCConfigurationList section */
		0AEA1E0D2B191A9A00FDE69B /* Build configuration list for PBXProject "My iOS Gym App" */ = {
			isa = XCConfigurationList;
			buildConfigurations = (
				0AEA1E342B191A9C00FDE69B /* Debug */,
				0AEA1E352B191A9C00FDE69B /* Release */,
			);
			defaultConfigurationIsVisible = 0;
			defaultConfigurationName = Release;
		};
		0AEA1E362B191A9C00FDE69B /* Build configuration list for PBXNativeTarget "My iOS Gym App" */ = {
			isa = XCConfigurationList;
			buildConfigurations = (
				0AEA1E372B191A9C00FDE69B /* Debug */,
				0AEA1E382B191A9C00FDE69B /* Release */,
			);
			defaultConfigurationIsVisible = 0;
			defaultConfigurationName = Release;
		};
		0AEA1E392B191A9C00FDE69B /* Build configuration list for PBXNativeTarget "My iOS Gym AppTests" */ = {
			isa = XCConfigurationList;
			buildConfigurations = (
				0AEA1E3A2B191A9C00FDE69B /* Debug */,
				0AEA1E3B2B191A9C00FDE69B /* Release */,
			);
			defaultConfigurationIsVisible = 0;
			defaultConfigurationName = Release;
		};
		0AEA1E3C2B191A9C00FDE69B /* Build configuration list for PBXNativeTarget "My iOS Gym AppUITests" */ = {
			isa = XCConfigurationList;
			buildConfigurations = (
				0AEA1E3D2B191A9C00FDE69B /* Debug */,
				0AEA1E3E2B191A9C00FDE69B /* Release */,
			);
			defaultConfigurationIsVisible = 0;
			defaultConfigurationName = Release;
		};
/* End XCConfigurationList section */
	};
	rootObject = 0AEA1E0A2B191A9A00FDE69B /* Project object */;
}
